
Microsoft Visual Studio Solution File, Format Version 12.00
# Visual Studio Version 17
VisualStudioVersion = 17.8.34330.188
MinimumVisualStudioVersion = 10.0.40219.1
Project("{FAE04EC0-301F-11D3-BF4B-00C04F79EFBC}") = "ContactsConsoleApp-PresentationLayer", "ContactsConsoleApp-PresentationLayer.csproj", "{D3613D85-2291-41F9-AC98-C01A8D225892}"
EndProject
Project("{FAE04EC0-301F-11D3-BF4B-00C04F79EFBC}") = "ContactsBusinessLayer", "..\ContactsBusinessLayer\ContactsBusinessLayer.csproj", "{5BDCA26C-986C-4AE3-B7A9-ABF2F0F318A5}"
EndProject
Project("{FAE04EC0-301F-11D3-BF4B-00C04F79EFBC}") = "ContactsDataAccessLayer", "..\ContactsDataAccessLayer\ContactsDataAccessLayer.csproj", "{2D865C27-9767-408B-B280-447E72938535}"
EndProject
Project("{FAE04EC0-301F-11D3-BF4B-00C04F79EFBC}") = "CountryPresentationLayer", "..\CountryPresentationLayer\CountryPresentationLayer.csproj", "{7573E302-80D3-4475-8CBB-663CC94BB4DC}"
EndProject
Project("{FAE04EC0-301F-11D3-BF4B-00C04F79EFBC}") = "CountryBusinessLayer", "..\CountryBusinessLayer\CountryBusinessLayer.csproj", "{A048B890-8AED-4973-984D-FBE27265A373}"
EndProject
Project("{FAE04EC0-301F-11D3-BF4B-00C04F79EFBC}") = "CountryDataAccessLayer", "..\CountryDataAccessLayer\CountryDataAccessLayer.csproj", "{A2FB62EE-CDA5-4F69-8618-817F1364F17E}"
EndProject
Global
	GlobalSection(SolutionConfigurationPlatforms) = preSolution
		Debug|Any CPU = Debug|Any CPU
		Release|Any CPU = Release|Any CPU
	EndGlobalSection
	GlobalSection(ProjectConfigurationPlatforms) = postSolution
		{D3613D85-2291-41F9-AC98-C01A8D225892}.Debug|Any CPU.ActiveCfg = Debug|Any CPU
		{D3613D85-2291-41F9-AC98-C01A8D225892}.Debug|Any CPU.Build.0 = Debug|Any CPU
		{D3613D85-2291-41F9-AC98-C01A8D225892}.Release|Any CPU.ActiveCfg = Release|Any CPU
		{D3613D85-2291-41F9-AC98-C01A8D225892}.Release|Any CPU.Build.0 = Release|Any CPU
		{5BDCA26C-986C-4AE3-B7A9-ABF2F0F318A5}.Debug|Any CPU.ActiveCfg = Debug|Any CPU
		{5BDCA26C-986C-4AE3-B7A9-ABF2F0F318A5}.Debug|Any CPU.Build.0 = Debug|Any CPU
		{5BDCA26C-986C-4AE3-B7A9-ABF2F0F318A5}.Release|Any CPU.ActiveCfg = Release|Any CPU
		{5BDCA26C-986C-4AE3-B7A9-ABF2F0F318A5}.Release|Any CPU.Build.0 = Release|Any CPU
		{2D865C27-9767-408B-B280-447E72938535}.Debug|Any CPU.ActiveCfg = Debug|Any CPU
		{2D865C27-9767-408B-B280-447E72938535}.Debug|Any CPU.Build.0 = Debug|Any CPU
		{2D865C27-9767-408B-B280-447E72938535}.Release|Any CPU.ActiveCfg = Release|Any CPU
		{2D865C27-9767-408B-B280-447E72938535}.Release|Any CPU.Build.0 = Release|Any CPU
		{7573E302-80D3-4475-8CBB-663CC94BB4DC}.Debug|Any CPU.ActiveCfg = Debug|Any CPU
		{7573E302-80D3-4475-8CBB-663CC94BB4DC}.Debug|Any CPU.Build.0 = Debug|Any CPU
		{7573E302-80D3-4475-8CBB-663CC94BB4DC}.Release|Any CPU.ActiveCfg = Release|Any CPU
		{7573E302-80D3-4475-8CBB-663CC94BB4DC}.Release|Any CPU.Build.0 = Release|Any CPU
		{A048B890-8AED-4973-984D-FBE27265A373}.Debug|Any CPU.ActiveCfg = Debug|Any CPU
		{A048B890-8AED-4973-984D-FBE27265A373}.Debug|Any CPU.Build.0 = Debug|Any CPU
		{A048B890-8AED-4973-984D-FBE27265A373}.Release|Any CPU.ActiveCfg = Release|Any CPU
		{A048B890-8AED-4973-984D-FBE27265A373}.Release|Any CPU.Build.0 = Release|Any CPU
		{A2FB62EE-CDA5-4F69-8618-817F1364F17E}.Debug|Any CPU.ActiveCfg = Debug|Any CPU
		{A2FB62EE-CDA5-4F69-8618-817F1364F17E}.Debug|Any CPU.Build.0 = Debug|Any CPU
		{A2FB62EE-CDA5-4F69-8618-817F1364F17E}.Release|Any CPU.ActiveCfg = Release|Any CPU
		{A2FB62EE-CDA5-4F69-8618-817F1364F17E}.Release|Any CPU.Build.0 = Release|Any CPU
	EndGlobalSection
	GlobalSection(SolutionProperties) = preSolution
		HideSolutionNode = FALSE
	EndGlobalSection
	GlobalSection(ExtensibilityGlobals) = postSolution
		SolutionGuid = {2152F1E6-BE93-4B40-A6EA-331823057E77}
	EndGlobalSection
EndGlobal
